
Microsoft Visual Studio Solution File, Format Version 11.00
# Visual Studio 2010
Project("{FAE04EC0-301F-11D3-BF4B-00C04F79EFBC}") = "DataAccess", "ClientDAL\DataAccess.csproj", "{EDB5F24C-B46B-46B3-B7F7-644BC9DA8648}"
EndProject
Project("{FAE04EC0-301F-11D3-BF4B-00C04F79EFBC}") = "PracticeManagementService", "PracticeManagementService\PracticeManagementService.csproj", "{7177AF0B-588F-4CD2-A174-5E2488DBD636}"
EndProject
Project("{FAE04EC0-301F-11D3-BF4B-00C04F79EFBC}") = "DataTransferObjects", "DataTransferObjects\DataTransferObjects.csproj", "{848EAE46-9397-439B-86BC-5799B366EF61}"
EndProject
Project("{FAE04EC0-301F-11D3-BF4B-00C04F79EFBC}") = "PracticeManagement", "PracticeManagement\PracticeManagement.csproj", "{1C760F31-B468-4F6B-AB45-7EF0BB7CAB9B}"
	ProjectSection(ProjectDependencies) = postProject
		{7177AF0B-588F-4CD2-A174-5E2488DBD636} = {7177AF0B-588F-4CD2-A174-5E2488DBD636}
	EndProjectSection
EndProject
Project("{FAE04EC0-301F-11D3-BF4B-00C04F79EFBC}") = "PracticeManagementScheduler", "PracticeManagementScheduler\PracticeManagementScheduler.csproj", "{35C6DBD3-607C-4149-86ED-0E4ACFE08B99}"
	ProjectSection(ProjectDependencies) = postProject
		{7177AF0B-588F-4CD2-A174-5E2488DBD636} = {7177AF0B-588F-4CD2-A174-5E2488DBD636}
	EndProjectSection
EndProject
Project("{54435603-DBB4-11D2-8724-00A0C9A8B90C}") = "PracticeManagementSchedulerSetup", "PracticeManagementSchedulerSetup\PracticeManagementSchedulerSetup.vdproj", "{FFD19AD3-E409-46A0-9F03-BA2B5E9C568D}"
EndProject
Project("{FAE04EC0-301F-11D3-BF4B-00C04F79EFBC}") = "PracticeManagementSchedulerTest", "PracticeManagementSchedulerTest\PracticeManagementSchedulerTest.csproj", "{D3B4B97F-5FEE-4902-876A-7EE5004AD52B}"
EndProject
Project("{C8D11400-126E-41CD-887F-60BD40844F9E}") = "PracticeManagementDatabase", "PracticeManagementDatabase\PracticeManagementDatabase.dbproj", "{67CBC824-A49E-4E9B-A947-360F3DFE65C3}"
EndProject
Project("{54435603-DBB4-11D2-8724-00A0C9A8B90C}") = "PracticeManagementServiceSetup", "PracticeManagementServiceSetup\PracticeManagementServiceSetup.vdproj", "{B31AAAFF-46E7-4E56-AFEF-F1A26CE03B3A}"
EndProject
Project("{54435603-DBB4-11D2-8724-00A0C9A8B90C}") = "PracticeManagementSetup", "PracticeManagementSetup\PracticeManagementSetup.vdproj", "{155028C5-F61F-4680-9FBE-DC5001C03865}"
EndProject
Project("{54435603-DBB4-11D2-8724-00A0C9A8B90C}") = "PracticeManagementDatabaseSetup", "PracticeManagementDatabaseSetup\PracticeManagementDatabaseSetup.vdproj", "{C13BB360-25FD-44C7-9D42-C0CDB52C6637}"
EndProject
Project("{FAE04EC0-301F-11D3-BF4B-00C04F79EFBC}") = "PracticeManagementDatabaseUI", "PracticeManagementDatabaseUI\PracticeManagementDatabaseUI.csproj", "{3AC4F376-E2A3-4F45-ADEC-DF61F7283815}"
EndProject
Project("{CC5FD16D-436D-48AD-A40C-5A424C6E3E79}") = "PMWebServiceAzureservice", "PMWebServiceAzureservice\PMWebServiceAzureservice.ccproj", "{1677F1D3-756F-477F-8FAB-2B25673C8FD2}"
EndProject
Project("{CC5FD16D-436D-48AD-A40C-5A424C6E3E79}") = "PMWebAzureService", "PMWebAzureService\PMWebAzureService.ccproj", "{194AB1D3-45A9-4B60-B9A0-03CAA749331C}"
EndProject
Project("{CC5FD16D-436D-48AD-A40C-5A424C6E3E79}") = "DEVAzureService", "DEVAzureService\DEVAzureService.ccproj", "{E4D89D48-041A-4E7B-90FE-960ECB08210A}"
EndProject
Global
	GlobalSection(SourceCodeControl) = preSolution
		SccNumberOfProjects = 16
		SccProjectName0 = SurroundSCMScci
		SccLocalPath0 = ..
		SccProvider0 = MSSCCI:Surround\u0020SCM
		SccProjectFilePathRelativizedFromConnection0 = SourceRepo\\
		SccProjectUniqueName1 = ClientDAL\\DataAccess.csproj
		SccLocalPath1 = ..
		SccProjectFilePathRelativizedFromConnection1 = SourceRepo\\ClientDAL\\
		SccProjectUniqueName2 = PracticeManagementService\\PracticeManagementService.csproj
		SccLocalPath2 = ..
		SccProjectFilePathRelativizedFromConnection2 = SourceRepo\\PracticeManagementService\\
		SccProjectUniqueName3 = DataTransferObjects\\DataTransferObjects.csproj
		SccLocalPath3 = ..
		SccProjectFilePathRelativizedFromConnection3 = SourceRepo\\DataTransferObjects\\
		SccProjectUniqueName4 = PracticeManagement\\PracticeManagement.csproj
		SccLocalPath4 = ..
		SccProjectFilePathRelativizedFromConnection4 = SourceRepo\\PracticeManagement\\
		SccProjectUniqueName5 = PracticeManagementSchedulerSetup\\PracticeManagementSchedulerSetup.vdproj
		SccLocalPath5 = ..
		SccProjectFilePathRelativizedFromConnection5 = SourceRepo\\PracticeManagementSchedulerSetup\\
		SccProjectUniqueName6 = PracticeManagementScheduler\\PracticeManagementScheduler.csproj
		SccLocalPath6 = ..
		SccProjectFilePathRelativizedFromConnection6 = SourceRepo\\PracticeManagementScheduler\\
		SccProjectUniqueName7 = PracticeManagementSchedulerTest\\PracticeManagementSchedulerTest.csproj
		SccLocalPath7 = ..
		SccProjectFilePathRelativizedFromConnection7 = SourceRepo\\PracticeManagementSchedulerTest\\
		SccProjectUniqueName8 = PracticeManagementDatabase\\PracticeManagementDatabase.dbproj
		SccLocalPath8 = ..
		SccProjectFilePathRelativizedFromConnection8 = SourceRepo\\PracticeManagementDatabase\\
		SccProjectUniqueName9 = PracticeManagementServiceSetup\\PracticeManagementServiceSetup.vdproj
		SccLocalPath9 = ..
		SccProjectFilePathRelativizedFromConnection9 = SourceRepo\\PracticeManagementServiceSetup\\
		SccProjectUniqueName10 = PracticeManagementSetup\\PracticeManagementSetup.vdproj
		SccLocalPath10 = ..
		SccProjectFilePathRelativizedFromConnection10 = SourceRepo\\PracticeManagementSetup\\
		SccProjectUniqueName11 = PracticeManagementDatabaseSetup\\PracticeManagementDatabaseSetup.vdproj
		SccLocalPath11 = ..
		SccProjectFilePathRelativizedFromConnection11 = SourceRepo\\PracticeManagementDatabaseSetup\\
		SccProjectUniqueName12 = PracticeManagementDatabaseUI\\PracticeManagementDatabaseUI.csproj
		SccLocalPath12 = ..
		SccProjectFilePathRelativizedFromConnection12 = SourceRepo\\PracticeManagementDatabaseUI\\
		SccProjectUniqueName13 = PMWebAzureService\\PMWebAzureService.ccproj
		SccLocalPath13 = ..
		SccProjectFilePathRelativizedFromConnection13 = SourceRepo\\PMWebAzureService\\
		SccProjectUniqueName14 = PMWebServiceAzureservice\\PMWebServiceAzureservice.ccproj
		SccLocalPath14 = ..
		SccProjectFilePathRelativizedFromConnection14 = SourceRepo\\PMWebServiceAzureservice\\
		SccProjectUniqueName15 = DEVAzureService\\DEVAzureService.ccproj
		SccLocalPath15 = ..
		SccProjectFilePathRelativizedFromConnection15 = SourceRepo\\DEVAzureService\\
	EndGlobalSection
	GlobalSection(SolutionConfigurationPlatforms) = preSolution
		Debug|Any CPU = Debug|Any CPU
		Debug|Mixed Platforms = Debug|Mixed Platforms
		Debug|x86 = Debug|x86
		GGK|Any CPU = GGK|Any CPU
		GGK|Mixed Platforms = GGK|Mixed Platforms
		GGK|x86 = GGK|x86
		Release|Any CPU = Release|Any CPU
		Release|Mixed Platforms = Release|Mixed Platforms
		Release|x86 = Release|x86
		Staging|Any CPU = Staging|Any CPU
		Staging|Mixed Platforms = Staging|Mixed Platforms
		Staging|x86 = Staging|x86
	EndGlobalSection
	GlobalSection(ProjectConfigurationPlatforms) = postSolution
		{EDB5F24C-B46B-46B3-B7F7-644BC9DA8648}.Debug|Any CPU.ActiveCfg = Debug|Any CPU
		{EDB5F24C-B46B-46B3-B7F7-644BC9DA8648}.Debug|Any CPU.Build.0 = Debug|Any CPU
		{EDB5F24C-B46B-46B3-B7F7-644BC9DA8648}.Debug|Mixed Platforms.ActiveCfg = Debug|Any CPU
		{EDB5F24C-B46B-46B3-B7F7-644BC9DA8648}.Debug|Mixed Platforms.Build.0 = Debug|Any CPU
		{EDB5F24C-B46B-46B3-B7F7-644BC9DA8648}.Debug|x86.ActiveCfg = Debug|Any CPU
		{EDB5F24C-B46B-46B3-B7F7-644BC9DA8648}.GGK|Any CPU.ActiveCfg = Staging|Any CPU
		{EDB5F24C-B46B-46B3-B7F7-644BC9DA8648}.GGK|Any CPU.Build.0 = Staging|Any CPU
		{EDB5F24C-B46B-46B3-B7F7-644BC9DA8648}.GGK|Mixed Platforms.ActiveCfg = Staging|Any CPU
		{EDB5F24C-B46B-46B3-B7F7-644BC9DA8648}.GGK|Mixed Platforms.Build.0 = Staging|Any CPU
		{EDB5F24C-B46B-46B3-B7F7-644BC9DA8648}.GGK|x86.ActiveCfg = Staging|Any CPU
		{EDB5F24C-B46B-46B3-B7F7-644BC9DA8648}.Release|Any CPU.ActiveCfg = Release|Any CPU
		{EDB5F24C-B46B-46B3-B7F7-644BC9DA8648}.Release|Any CPU.Build.0 = Release|Any CPU
		{EDB5F24C-B46B-46B3-B7F7-644BC9DA8648}.Release|Mixed Platforms.ActiveCfg = Release|Any CPU
		{EDB5F24C-B46B-46B3-B7F7-644BC9DA8648}.Release|Mixed Platforms.Build.0 = Release|Any CPU
		{EDB5F24C-B46B-46B3-B7F7-644BC9DA8648}.Release|x86.ActiveCfg = Release|Any CPU
		{EDB5F24C-B46B-46B3-B7F7-644BC9DA8648}.Staging|Any CPU.ActiveCfg = Staging|Any CPU
		{EDB5F24C-B46B-46B3-B7F7-644BC9DA8648}.Staging|Any CPU.Build.0 = Staging|Any CPU
		{EDB5F24C-B46B-46B3-B7F7-644BC9DA8648}.Staging|Mixed Platforms.ActiveCfg = Staging|Any CPU
		{EDB5F24C-B46B-46B3-B7F7-644BC9DA8648}.Staging|Mixed Platforms.Build.0 = Staging|Any CPU
		{EDB5F24C-B46B-46B3-B7F7-644BC9DA8648}.Staging|x86.ActiveCfg = Staging|Any CPU
		{7177AF0B-588F-4CD2-A174-5E2488DBD636}.Debug|Any CPU.ActiveCfg = Debug|Any CPU
		{7177AF0B-588F-4CD2-A174-5E2488DBD636}.Debug|Any CPU.Build.0 = Debug|Any CPU
		{7177AF0B-588F-4CD2-A174-5E2488DBD636}.Debug|Mixed Platforms.ActiveCfg = Debug|Any CPU
		{7177AF0B-588F-4CD2-A174-5E2488DBD636}.Debug|Mixed Platforms.Build.0 = Debug|Any CPU
		{7177AF0B-588F-4CD2-A174-5E2488DBD636}.Debug|x86.ActiveCfg = Debug|Any CPU
		{7177AF0B-588F-4CD2-A174-5E2488DBD636}.GGK|Any CPU.ActiveCfg = Staging|Any CPU
		{7177AF0B-588F-4CD2-A174-5E2488DBD636}.GGK|Any CPU.Build.0 = Staging|Any CPU
		{7177AF0B-588F-4CD2-A174-5E2488DBD636}.GGK|Mixed Platforms.ActiveCfg = Debug|Any CPU
		{7177AF0B-588F-4CD2-A174-5E2488DBD636}.GGK|Mixed Platforms.Build.0 = Debug|Any CPU
		{7177AF0B-588F-4CD2-A174-5E2488DBD636}.GGK|x86.ActiveCfg = Staging|Any CPU
		{7177AF0B-588F-4CD2-A174-5E2488DBD636}.Release|Any CPU.ActiveCfg = Release|Any CPU
		{7177AF0B-588F-4CD2-A174-5E2488DBD636}.Release|Any CPU.Build.0 = Release|Any CPU
		{7177AF0B-588F-4CD2-A174-5E2488DBD636}.Release|Mixed Platforms.ActiveCfg = Release|Any CPU
		{7177AF0B-588F-4CD2-A174-5E2488DBD636}.Release|Mixed Platforms.Build.0 = Release|Any CPU
		{7177AF0B-588F-4CD2-A174-5E2488DBD636}.Release|x86.ActiveCfg = Release|Any CPU
		{7177AF0B-588F-4CD2-A174-5E2488DBD636}.Staging|Any CPU.ActiveCfg = Staging|Any CPU
		{7177AF0B-588F-4CD2-A174-5E2488DBD636}.Staging|Any CPU.Build.0 = Staging|Any CPU
		{7177AF0B-588F-4CD2-A174-5E2488DBD636}.Staging|Mixed Platforms.ActiveCfg = Staging|Any CPU
		{7177AF0B-588F-4CD2-A174-5E2488DBD636}.Staging|Mixed Platforms.Build.0 = Staging|Any CPU
		{7177AF0B-588F-4CD2-A174-5E2488DBD636}.Staging|x86.ActiveCfg = Staging|Any CPU
		{848EAE46-9397-439B-86BC-5799B366EF61}.Debug|Any CPU.ActiveCfg = Debug|Any CPU
		{848EAE46-9397-439B-86BC-5799B366EF61}.Debug|Any CPU.Build.0 = Debug|Any CPU
		{848EAE46-9397-439B-86BC-5799B366EF61}.Debug|Mixed Platforms.ActiveCfg = Debug|Any CPU
		{848EAE46-9397-439B-86BC-5799B366EF61}.Debug|Mixed Platforms.Build.0 = Debug|Any CPU
		{848EAE46-9397-439B-86BC-5799B366EF61}.Debug|x86.ActiveCfg = Debug|Any CPU
		{848EAE46-9397-439B-86BC-5799B366EF61}.GGK|Any CPU.ActiveCfg = Staging|Any CPU
		{848EAE46-9397-439B-86BC-5799B366EF61}.GGK|Any CPU.Build.0 = Staging|Any CPU
		{848EAE46-9397-439B-86BC-5799B366EF61}.GGK|Mixed Platforms.ActiveCfg = Staging|Any CPU
		{848EAE46-9397-439B-86BC-5799B366EF61}.GGK|Mixed Platforms.Build.0 = Staging|Any CPU
		{848EAE46-9397-439B-86BC-5799B366EF61}.GGK|x86.ActiveCfg = Staging|Any CPU
		{848EAE46-9397-439B-86BC-5799B366EF61}.Release|Any CPU.ActiveCfg = Release|Any CPU
		{848EAE46-9397-439B-86BC-5799B366EF61}.Release|Any CPU.Build.0 = Release|Any CPU
		{848EAE46-9397-439B-86BC-5799B366EF61}.Release|Mixed Platforms.ActiveCfg = Release|Any CPU
		{848EAE46-9397-439B-86BC-5799B366EF61}.Release|Mixed Platforms.Build.0 = Release|Any CPU
		{848EAE46-9397-439B-86BC-5799B366EF61}.Release|x86.ActiveCfg = Release|Any CPU
		{848EAE46-9397-439B-86BC-5799B366EF61}.Staging|Any CPU.ActiveCfg = Staging|Any CPU
		{848EAE46-9397-439B-86BC-5799B366EF61}.Staging|Any CPU.Build.0 = Staging|Any CPU
		{848EAE46-9397-439B-86BC-5799B366EF61}.Staging|Mixed Platforms.ActiveCfg = Staging|Any CPU
		{848EAE46-9397-439B-86BC-5799B366EF61}.Staging|Mixed Platforms.Build.0 = Staging|Any CPU
		{848EAE46-9397-439B-86BC-5799B366EF61}.Staging|x86.ActiveCfg = Staging|Any CPU
		{1C760F31-B468-4F6B-AB45-7EF0BB7CAB9B}.Debug|Any CPU.ActiveCfg = Debug|Any CPU
		{1C760F31-B468-4F6B-AB45-7EF0BB7CAB9B}.Debug|Any CPU.Build.0 = Debug|Any CPU
		{1C760F31-B468-4F6B-AB45-7EF0BB7CAB9B}.Debug|Mixed Platforms.ActiveCfg = Debug|Any CPU
		{1C760F31-B468-4F6B-AB45-7EF0BB7CAB9B}.Debug|Mixed Platforms.Build.0 = Debug|Any CPU
		{1C760F31-B468-4F6B-AB45-7EF0BB7CAB9B}.Debug|x86.ActiveCfg = Debug|Any CPU
		{1C760F31-B468-4F6B-AB45-7EF0BB7CAB9B}.GGK|Any CPU.ActiveCfg = GGK|Any CPU
		{1C760F31-B468-4F6B-AB45-7EF0BB7CAB9B}.GGK|Any CPU.Build.0 = GGK|Any CPU
		{1C760F31-B468-4F6B-AB45-7EF0BB7CAB9B}.GGK|Mixed Platforms.ActiveCfg = GGK|Any CPU
		{1C760F31-B468-4F6B-AB45-7EF0BB7CAB9B}.GGK|Mixed Platforms.Build.0 = GGK|Any CPU
		{1C760F31-B468-4F6B-AB45-7EF0BB7CAB9B}.GGK|x86.ActiveCfg = GGK|Any CPU
		{1C760F31-B468-4F6B-AB45-7EF0BB7CAB9B}.Release|Any CPU.ActiveCfg = Release|Any CPU
		{1C760F31-B468-4F6B-AB45-7EF0BB7CAB9B}.Release|Any CPU.Build.0 = Release|Any CPU
		{1C760F31-B468-4F6B-AB45-7EF0BB7CAB9B}.Release|Mixed Platforms.ActiveCfg = Release|Any CPU
		{1C760F31-B468-4F6B-AB45-7EF0BB7CAB9B}.Release|Mixed Platforms.Build.0 = Release|Any CPU
		{1C760F31-B468-4F6B-AB45-7EF0BB7CAB9B}.Release|x86.ActiveCfg = Release|Any CPU
		{1C760F31-B468-4F6B-AB45-7EF0BB7CAB9B}.Staging|Any CPU.ActiveCfg = Staging|Any CPU
		{1C760F31-B468-4F6B-AB45-7EF0BB7CAB9B}.Staging|Any CPU.Build.0 = Staging|Any CPU
		{1C760F31-B468-4F6B-AB45-7EF0BB7CAB9B}.Staging|Mixed Platforms.ActiveCfg = Staging|Any CPU
		{1C760F31-B468-4F6B-AB45-7EF0BB7CAB9B}.Staging|Mixed Platforms.Build.0 = Staging|Any CPU
		{1C760F31-B468-4F6B-AB45-7EF0BB7CAB9B}.Staging|x86.ActiveCfg = Staging|Any CPU
		{35C6DBD3-607C-4149-86ED-0E4ACFE08B99}.Debug|Any CPU.ActiveCfg = Debug|Any CPU
		{35C6DBD3-607C-4149-86ED-0E4ACFE08B99}.Debug|Any CPU.Build.0 = Debug|Any CPU
		{35C6DBD3-607C-4149-86ED-0E4ACFE08B99}.Debug|Mixed Platforms.ActiveCfg = Debug|Any CPU
		{35C6DBD3-607C-4149-86ED-0E4ACFE08B99}.Debug|Mixed Platforms.Build.0 = Debug|Any CPU
		{35C6DBD3-607C-4149-86ED-0E4ACFE08B99}.Debug|x86.ActiveCfg = Debug|Any CPU
		{35C6DBD3-607C-4149-86ED-0E4ACFE08B99}.GGK|Any CPU.ActiveCfg = Staging|Any CPU
		{35C6DBD3-607C-4149-86ED-0E4ACFE08B99}.GGK|Any CPU.Build.0 = Staging|Any CPU
		{35C6DBD3-607C-4149-86ED-0E4ACFE08B99}.GGK|Mixed Platforms.ActiveCfg = Staging|Any CPU
		{35C6DBD3-607C-4149-86ED-0E4ACFE08B99}.GGK|Mixed Platforms.Build.0 = Staging|Any CPU
		{35C6DBD3-607C-4149-86ED-0E4ACFE08B99}.GGK|x86.ActiveCfg = Staging|Any CPU
		{35C6DBD3-607C-4149-86ED-0E4ACFE08B99}.Release|Any CPU.ActiveCfg = Release|Any CPU
		{35C6DBD3-607C-4149-86ED-0E4ACFE08B99}.Release|Any CPU.Build.0 = Release|Any CPU
		{35C6DBD3-607C-4149-86ED-0E4ACFE08B99}.Release|Mixed Platforms.ActiveCfg = Release|Any CPU
		{35C6DBD3-607C-4149-86ED-0E4ACFE08B99}.Release|Mixed Platforms.Build.0 = Release|Any CPU
		{35C6DBD3-607C-4149-86ED-0E4ACFE08B99}.Release|x86.ActiveCfg = Release|Any CPU
		{35C6DBD3-607C-4149-86ED-0E4ACFE08B99}.Staging|Any CPU.ActiveCfg = Staging|Any CPU
		{35C6DBD3-607C-4149-86ED-0E4ACFE08B99}.Staging|Any CPU.Build.0 = Staging|Any CPU
		{35C6DBD3-607C-4149-86ED-0E4ACFE08B99}.Staging|Mixed Platforms.ActiveCfg = Staging|Any CPU
		{35C6DBD3-607C-4149-86ED-0E4ACFE08B99}.Staging|Mixed Platforms.Build.0 = Staging|Any CPU
		{35C6DBD3-607C-4149-86ED-0E4ACFE08B99}.Staging|x86.ActiveCfg = Staging|Any CPU
		{FFD19AD3-E409-46A0-9F03-BA2B5E9C568D}.Debug|Any CPU.ActiveCfg = Debug
		{FFD19AD3-E409-46A0-9F03-BA2B5E9C568D}.Debug|Mixed Platforms.ActiveCfg = Debug
		{FFD19AD3-E409-46A0-9F03-BA2B5E9C568D}.Debug|x86.ActiveCfg = Debug
		{FFD19AD3-E409-46A0-9F03-BA2B5E9C568D}.Debug|x86.Build.0 = Debug
		{FFD19AD3-E409-46A0-9F03-BA2B5E9C568D}.GGK|Any CPU.ActiveCfg = Release
		{FFD19AD3-E409-46A0-9F03-BA2B5E9C568D}.GGK|Any CPU.Build.0 = Release
		{FFD19AD3-E409-46A0-9F03-BA2B5E9C568D}.GGK|Mixed Platforms.ActiveCfg = Release
		{FFD19AD3-E409-46A0-9F03-BA2B5E9C568D}.GGK|Mixed Platforms.Build.0 = Release
		{FFD19AD3-E409-46A0-9F03-BA2B5E9C568D}.GGK|x86.ActiveCfg = Release
		{FFD19AD3-E409-46A0-9F03-BA2B5E9C568D}.GGK|x86.Build.0 = Release
		{FFD19AD3-E409-46A0-9F03-BA2B5E9C568D}.Release|Any CPU.ActiveCfg = Release
		{FFD19AD3-E409-46A0-9F03-BA2B5E9C568D}.Release|Any CPU.Build.0 = Release
		{FFD19AD3-E409-46A0-9F03-BA2B5E9C568D}.Release|Mixed Platforms.ActiveCfg = Release
		{FFD19AD3-E409-46A0-9F03-BA2B5E9C568D}.Release|Mixed Platforms.Build.0 = Release
		{FFD19AD3-E409-46A0-9F03-BA2B5E9C568D}.Release|x86.ActiveCfg = Release
		{FFD19AD3-E409-46A0-9F03-BA2B5E9C568D}.Release|x86.Build.0 = Release
		{FFD19AD3-E409-46A0-9F03-BA2B5E9C568D}.Staging|Any CPU.ActiveCfg = Release
		{FFD19AD3-E409-46A0-9F03-BA2B5E9C568D}.Staging|Any CPU.Build.0 = Release
		{FFD19AD3-E409-46A0-9F03-BA2B5E9C568D}.Staging|Mixed Platforms.ActiveCfg = Release
		{FFD19AD3-E409-46A0-9F03-BA2B5E9C568D}.Staging|Mixed Platforms.Build.0 = Release
		{FFD19AD3-E409-46A0-9F03-BA2B5E9C568D}.Staging|x86.ActiveCfg = Release
		{FFD19AD3-E409-46A0-9F03-BA2B5E9C568D}.Staging|x86.Build.0 = Release
		{D3B4B97F-5FEE-4902-876A-7EE5004AD52B}.Debug|Any CPU.ActiveCfg = Debug|x86
		{D3B4B97F-5FEE-4902-876A-7EE5004AD52B}.Debug|Mixed Platforms.ActiveCfg = Debug|x86
		{D3B4B97F-5FEE-4902-876A-7EE5004AD52B}.Debug|Mixed Platforms.Build.0 = Debug|x86
		{D3B4B97F-5FEE-4902-876A-7EE5004AD52B}.Debug|x86.ActiveCfg = Debug|x86
		{D3B4B97F-5FEE-4902-876A-7EE5004AD52B}.Debug|x86.Build.0 = Debug|x86
		{D3B4B97F-5FEE-4902-876A-7EE5004AD52B}.GGK|Any CPU.ActiveCfg = Staging|x86
		{D3B4B97F-5FEE-4902-876A-7EE5004AD52B}.GGK|Mixed Platforms.ActiveCfg = Staging|x86
		{D3B4B97F-5FEE-4902-876A-7EE5004AD52B}.GGK|Mixed Platforms.Build.0 = Staging|x86
		{D3B4B97F-5FEE-4902-876A-7EE5004AD52B}.GGK|x86.ActiveCfg = Staging|x86
		{D3B4B97F-5FEE-4902-876A-7EE5004AD52B}.GGK|x86.Build.0 = Staging|x86
		{D3B4B97F-5FEE-4902-876A-7EE5004AD52B}.Release|Any CPU.ActiveCfg = Release|x86
		{D3B4B97F-5FEE-4902-876A-7EE5004AD52B}.Release|Mixed Platforms.ActiveCfg = Release|x86
		{D3B4B97F-5FEE-4902-876A-7EE5004AD52B}.Release|Mixed Platforms.Build.0 = Release|x86
		{D3B4B97F-5FEE-4902-876A-7EE5004AD52B}.Release|x86.ActiveCfg = Release|x86
		{D3B4B97F-5FEE-4902-876A-7EE5004AD52B}.Release|x86.Build.0 = Release|x86
		{D3B4B97F-5FEE-4902-876A-7EE5004AD52B}.Staging|Any CPU.ActiveCfg = Staging|x86
		{D3B4B97F-5FEE-4902-876A-7EE5004AD52B}.Staging|Mixed Platforms.ActiveCfg = Staging|x86
		{D3B4B97F-5FEE-4902-876A-7EE5004AD52B}.Staging|Mixed Platforms.Build.0 = Staging|x86
		{D3B4B97F-5FEE-4902-876A-7EE5004AD52B}.Staging|x86.ActiveCfg = Staging|x86
		{D3B4B97F-5FEE-4902-876A-7EE5004AD52B}.Staging|x86.Build.0 = Staging|x86
		{67CBC824-A49E-4E9B-A947-360F3DFE65C3}.Debug|Any CPU.ActiveCfg = Debug|Any CPU
		{67CBC824-A49E-4E9B-A947-360F3DFE65C3}.Debug|Any CPU.Build.0 = Debug|Any CPU
		{67CBC824-A49E-4E9B-A947-360F3DFE65C3}.Debug|Any CPU.Deploy.0 = Debug|Any CPU
		{67CBC824-A49E-4E9B-A947-360F3DFE65C3}.Debug|Mixed Platforms.ActiveCfg = Debug|Any CPU
		{67CBC824-A49E-4E9B-A947-360F3DFE65C3}.Debug|Mixed Platforms.Build.0 = Debug|Any CPU
		{67CBC824-A49E-4E9B-A947-360F3DFE65C3}.Debug|Mixed Platforms.Deploy.0 = Debug|Any CPU
		{67CBC824-A49E-4E9B-A947-360F3DFE65C3}.Debug|x86.ActiveCfg = Debug|Any CPU
		{67CBC824-A49E-4E9B-A947-360F3DFE65C3}.GGK|Any CPU.ActiveCfg = Staging|Any CPU
		{67CBC824-A49E-4E9B-A947-360F3DFE65C3}.GGK|Any CPU.Build.0 = Staging|Any CPU
		{67CBC824-A49E-4E9B-A947-360F3DFE65C3}.GGK|Any CPU.Deploy.0 = Staging|Any CPU
		{67CBC824-A49E-4E9B-A947-360F3DFE65C3}.GGK|Mixed Platforms.ActiveCfg = Staging|Any CPU
		{67CBC824-A49E-4E9B-A947-360F3DFE65C3}.GGK|Mixed Platforms.Build.0 = Staging|Any CPU
		{67CBC824-A49E-4E9B-A947-360F3DFE65C3}.GGK|Mixed Platforms.Deploy.0 = Staging|Any CPU
		{67CBC824-A49E-4E9B-A947-360F3DFE65C3}.GGK|x86.ActiveCfg = Staging|Any CPU
		{67CBC824-A49E-4E9B-A947-360F3DFE65C3}.Release|Any CPU.ActiveCfg = Release|Any CPU
		{67CBC824-A49E-4E9B-A947-360F3DFE65C3}.Release|Any CPU.Build.0 = Release|Any CPU
		{67CBC824-A49E-4E9B-A947-360F3DFE65C3}.Release|Any CPU.Deploy.0 = Release|Any CPU
		{67CBC824-A49E-4E9B-A947-360F3DFE65C3}.Release|Mixed Platforms.ActiveCfg = Release|Any CPU
		{67CBC824-A49E-4E9B-A947-360F3DFE65C3}.Release|Mixed Platforms.Build.0 = Release|Any CPU
		{67CBC824-A49E-4E9B-A947-360F3DFE65C3}.Release|Mixed Platforms.Deploy.0 = Release|Any CPU
		{67CBC824-A49E-4E9B-A947-360F3DFE65C3}.Release|x86.ActiveCfg = Release|Any CPU
		{67CBC824-A49E-4E9B-A947-360F3DFE65C3}.Staging|Any CPU.ActiveCfg = Staging|Any CPU
		{67CBC824-A49E-4E9B-A947-360F3DFE65C3}.Staging|Any CPU.Build.0 = Staging|Any CPU
		{67CBC824-A49E-4E9B-A947-360F3DFE65C3}.Staging|Any CPU.Deploy.0 = Staging|Any CPU
		{67CBC824-A49E-4E9B-A947-360F3DFE65C3}.Staging|Mixed Platforms.ActiveCfg = Staging|Any CPU
		{67CBC824-A49E-4E9B-A947-360F3DFE65C3}.Staging|Mixed Platforms.Build.0 = Staging|Any CPU
		{67CBC824-A49E-4E9B-A947-360F3DFE65C3}.Staging|Mixed Platforms.Deploy.0 = Staging|Any CPU
		{67CBC824-A49E-4E9B-A947-360F3DFE65C3}.Staging|x86.ActiveCfg = Staging|Any CPU
		{B31AAAFF-46E7-4E56-AFEF-F1A26CE03B3A}.Debug|Any CPU.ActiveCfg = Debug
		{B31AAAFF-46E7-4E56-AFEF-F1A26CE03B3A}.Debug|Mixed Platforms.ActiveCfg = Debug
		{B31AAAFF-46E7-4E56-AFEF-F1A26CE03B3A}.Debug|x86.ActiveCfg = Debug
		{B31AAAFF-46E7-4E56-AFEF-F1A26CE03B3A}.GGK|Any CPU.ActiveCfg = Release
		{B31AAAFF-46E7-4E56-AFEF-F1A26CE03B3A}.GGK|Mixed Platforms.ActiveCfg = Release
		{B31AAAFF-46E7-4E56-AFEF-F1A26CE03B3A}.GGK|x86.ActiveCfg = Release
		{B31AAAFF-46E7-4E56-AFEF-F1A26CE03B3A}.Release|Any CPU.ActiveCfg = Release
		{B31AAAFF-46E7-4E56-AFEF-F1A26CE03B3A}.Release|Mixed Platforms.ActiveCfg = Release
		{B31AAAFF-46E7-4E56-AFEF-F1A26CE03B3A}.Release|Mixed Platforms.Build.0 = Release
		{B31AAAFF-46E7-4E56-AFEF-F1A26CE03B3A}.Release|x86.ActiveCfg = Release
		{B31AAAFF-46E7-4E56-AFEF-F1A26CE03B3A}.Staging|Any CPU.ActiveCfg = Release
		{B31AAAFF-46E7-4E56-AFEF-F1A26CE03B3A}.Staging|Mixed Platforms.ActiveCfg = Release
		{B31AAAFF-46E7-4E56-AFEF-F1A26CE03B3A}.Staging|Mixed Platforms.Build.0 = Release
		{B31AAAFF-46E7-4E56-AFEF-F1A26CE03B3A}.Staging|x86.ActiveCfg = Release
		{155028C5-F61F-4680-9FBE-DC5001C03865}.Debug|Any CPU.ActiveCfg = Debug
		{155028C5-F61F-4680-9FBE-DC5001C03865}.Debug|Mixed Platforms.ActiveCfg = Debug
		{155028C5-F61F-4680-9FBE-DC5001C03865}.Debug|x86.ActiveCfg = Debug
		{155028C5-F61F-4680-9FBE-DC5001C03865}.GGK|Any CPU.ActiveCfg = Release
		{155028C5-F61F-4680-9FBE-DC5001C03865}.GGK|Mixed Platforms.ActiveCfg = Release
		{155028C5-F61F-4680-9FBE-DC5001C03865}.GGK|x86.ActiveCfg = Release
		{155028C5-F61F-4680-9FBE-DC5001C03865}.Release|Any CPU.ActiveCfg = Release
		{155028C5-F61F-4680-9FBE-DC5001C03865}.Release|Mixed Platforms.ActiveCfg = Release
		{155028C5-F61F-4680-9FBE-DC5001C03865}.Release|Mixed Platforms.Build.0 = Release
		{155028C5-F61F-4680-9FBE-DC5001C03865}.Release|x86.ActiveCfg = Release
		{155028C5-F61F-4680-9FBE-DC5001C03865}.Staging|Any CPU.ActiveCfg = Release
		{155028C5-F61F-4680-9FBE-DC5001C03865}.Staging|Mixed Platforms.ActiveCfg = Release
		{155028C5-F61F-4680-9FBE-DC5001C03865}.Staging|Mixed Platforms.Build.0 = Release
		{155028C5-F61F-4680-9FBE-DC5001C03865}.Staging|x86.ActiveCfg = Release
		{C13BB360-25FD-44C7-9D42-C0CDB52C6637}.Debug|Any CPU.ActiveCfg = Debug
		{C13BB360-25FD-44C7-9D42-C0CDB52C6637}.Debug|Mixed Platforms.ActiveCfg = Debug
		{C13BB360-25FD-44C7-9D42-C0CDB52C6637}.Debug|x86.ActiveCfg = Debug
		{C13BB360-25FD-44C7-9D42-C0CDB52C6637}.GGK|Any CPU.ActiveCfg = Release
		{C13BB360-25FD-44C7-9D42-C0CDB52C6637}.GGK|Mixed Platforms.ActiveCfg = Release
		{C13BB360-25FD-44C7-9D42-C0CDB52C6637}.GGK|x86.ActiveCfg = Release
		{C13BB360-25FD-44C7-9D42-C0CDB52C6637}.Release|Any CPU.ActiveCfg = Release
		{C13BB360-25FD-44C7-9D42-C0CDB52C6637}.Release|Mixed Platforms.ActiveCfg = Release
		{C13BB360-25FD-44C7-9D42-C0CDB52C6637}.Release|Mixed Platforms.Build.0 = Release
		{C13BB360-25FD-44C7-9D42-C0CDB52C6637}.Release|x86.ActiveCfg = Release
		{C13BB360-25FD-44C7-9D42-C0CDB52C6637}.Staging|Any CPU.ActiveCfg = Release
		{C13BB360-25FD-44C7-9D42-C0CDB52C6637}.Staging|Mixed Platforms.ActiveCfg = Release
		{C13BB360-25FD-44C7-9D42-C0CDB52C6637}.Staging|Mixed Platforms.Build.0 = Release
		{C13BB360-25FD-44C7-9D42-C0CDB52C6637}.Staging|x86.ActiveCfg = Release
		{3AC4F376-E2A3-4F45-ADEC-DF61F7283815}.Debug|Any CPU.ActiveCfg = Debug|Any CPU
		{3AC4F376-E2A3-4F45-ADEC-DF61F7283815}.Debug|Any CPU.Build.0 = Debug|Any CPU
		{3AC4F376-E2A3-4F45-ADEC-DF61F7283815}.Debug|Mixed Platforms.ActiveCfg = Debug|Any CPU
		{3AC4F376-E2A3-4F45-ADEC-DF61F7283815}.Debug|Mixed Platforms.Build.0 = Debug|Any CPU
		{3AC4F376-E2A3-4F45-ADEC-DF61F7283815}.Debug|x86.ActiveCfg = Debug|Any CPU
		{3AC4F376-E2A3-4F45-ADEC-DF61F7283815}.GGK|Any CPU.ActiveCfg = Release|Any CPU
		{3AC4F376-E2A3-4F45-ADEC-DF61F7283815}.GGK|Any CPU.Build.0 = Release|Any CPU
		{3AC4F376-E2A3-4F45-ADEC-DF61F7283815}.GGK|Mixed Platforms.ActiveCfg = Release|Any CPU
		{3AC4F376-E2A3-4F45-ADEC-DF61F7283815}.GGK|Mixed Platforms.Build.0 = Release|Any CPU
		{3AC4F376-E2A3-4F45-ADEC-DF61F7283815}.GGK|x86.ActiveCfg = Release|Any CPU
		{3AC4F376-E2A3-4F45-ADEC-DF61F7283815}.Release|Any CPU.ActiveCfg = Release|Any CPU
		{3AC4F376-E2A3-4F45-ADEC-DF61F7283815}.Release|Any CPU.Build.0 = Release|Any CPU
		{3AC4F376-E2A3-4F45-ADEC-DF61F7283815}.Release|Mixed Platforms.ActiveCfg = Release|Any CPU
		{3AC4F376-E2A3-4F45-ADEC-DF61F7283815}.Release|Mixed Platforms.Build.0 = Release|Any CPU
		{3AC4F376-E2A3-4F45-ADEC-DF61F7283815}.Release|x86.ActiveCfg = Release|Any CPU
		{3AC4F376-E2A3-4F45-ADEC-DF61F7283815}.Staging|Any CPU.ActiveCfg = Release|Any CPU
		{3AC4F376-E2A3-4F45-ADEC-DF61F7283815}.Staging|Any CPU.Build.0 = Release|Any CPU
		{3AC4F376-E2A3-4F45-ADEC-DF61F7283815}.Staging|Mixed Platforms.ActiveCfg = Release|Any CPU
		{3AC4F376-E2A3-4F45-ADEC-DF61F7283815}.Staging|Mixed Platforms.Build.0 = Release|Any CPU
		{3AC4F376-E2A3-4F45-ADEC-DF61F7283815}.Staging|x86.ActiveCfg = Release|Any CPU
		{1677F1D3-756F-477F-8FAB-2B25673C8FD2}.Debug|Any CPU.ActiveCfg = Debug|Any CPU
		{1677F1D3-756F-477F-8FAB-2B25673C8FD2}.Debug|Any CPU.Build.0 = Debug|Any CPU
		{1677F1D3-756F-477F-8FAB-2B25673C8FD2}.Debug|Mixed Platforms.ActiveCfg = Debug|Any CPU
		{1677F1D3-756F-477F-8FAB-2B25673C8FD2}.Debug|Mixed Platforms.Build.0 = Debug|Any CPU
		{1677F1D3-756F-477F-8FAB-2B25673C8FD2}.Debug|x86.ActiveCfg = Debug|Any CPU
		{1677F1D3-756F-477F-8FAB-2B25673C8FD2}.GGK|Any CPU.ActiveCfg = Release|Any CPU
		{1677F1D3-756F-477F-8FAB-2B25673C8FD2}.GGK|Any CPU.Build.0 = Release|Any CPU
		{1677F1D3-756F-477F-8FAB-2B25673C8FD2}.GGK|Mixed Platforms.ActiveCfg = Release|Any CPU
		{1677F1D3-756F-477F-8FAB-2B25673C8FD2}.GGK|Mixed Platforms.Build.0 = Release|Any CPU
		{1677F1D3-756F-477F-8FAB-2B25673C8FD2}.GGK|x86.ActiveCfg = Release|Any CPU
		{1677F1D3-756F-477F-8FAB-2B25673C8FD2}.Release|Any CPU.ActiveCfg = Release|Any CPU
		{1677F1D3-756F-477F-8FAB-2B25673C8FD2}.Release|Any CPU.Build.0 = Release|Any CPU
		{1677F1D3-756F-477F-8FAB-2B25673C8FD2}.Release|Mixed Platforms.ActiveCfg = Release|Any CPU
		{1677F1D3-756F-477F-8FAB-2B25673C8FD2}.Release|Mixed Platforms.Build.0 = Release|Any CPU
		{1677F1D3-756F-477F-8FAB-2B25673C8FD2}.Release|x86.ActiveCfg = Release|Any CPU
		{1677F1D3-756F-477F-8FAB-2B25673C8FD2}.Staging|Any CPU.ActiveCfg = Release|Any CPU
		{1677F1D3-756F-477F-8FAB-2B25673C8FD2}.Staging|Any CPU.Build.0 = Release|Any CPU
		{1677F1D3-756F-477F-8FAB-2B25673C8FD2}.Staging|Mixed Platforms.ActiveCfg = Release|Any CPU
		{1677F1D3-756F-477F-8FAB-2B25673C8FD2}.Staging|Mixed Platforms.Build.0 = Release|Any CPU
		{1677F1D3-756F-477F-8FAB-2B25673C8FD2}.Staging|x86.ActiveCfg = Release|Any CPU
		{194AB1D3-45A9-4B60-B9A0-03CAA749331C}.Debug|Any CPU.ActiveCfg = Debug|Any CPU
		{194AB1D3-45A9-4B60-B9A0-03CAA749331C}.Debug|Any CPU.Build.0 = Debug|Any CPU
		{194AB1D3-45A9-4B60-B9A0-03CAA749331C}.Debug|Mixed Platforms.ActiveCfg = Debug|Any CPU
		{194AB1D3-45A9-4B60-B9A0-03CAA749331C}.Debug|Mixed Platforms.Build.0 = Debug|Any CPU
		{194AB1D3-45A9-4B60-B9A0-03CAA749331C}.Debug|x86.ActiveCfg = Debug|Any CPU
		{194AB1D3-45A9-4B60-B9A0-03CAA749331C}.GGK|Any CPU.ActiveCfg = Release|Any CPU
		{194AB1D3-45A9-4B60-B9A0-03CAA749331C}.GGK|Any CPU.Build.0 = Release|Any CPU
		{194AB1D3-45A9-4B60-B9A0-03CAA749331C}.GGK|Mixed Platforms.ActiveCfg = Release|Any CPU
		{194AB1D3-45A9-4B60-B9A0-03CAA749331C}.GGK|Mixed Platforms.Build.0 = Release|Any CPU
		{194AB1D3-45A9-4B60-B9A0-03CAA749331C}.GGK|x86.ActiveCfg = Release|Any CPU
		{194AB1D3-45A9-4B60-B9A0-03CAA749331C}.Release|Any CPU.ActiveCfg = Release|Any CPU
		{194AB1D3-45A9-4B60-B9A0-03CAA749331C}.Release|Any CPU.Build.0 = Release|Any CPU
		{194AB1D3-45A9-4B60-B9A0-03CAA749331C}.Release|Mixed Platforms.ActiveCfg = Release|Any CPU
		{194AB1D3-45A9-4B60-B9A0-03CAA749331C}.Release|Mixed Platforms.Build.0 = Release|Any CPU
		{194AB1D3-45A9-4B60-B9A0-03CAA749331C}.Release|x86.ActiveCfg = Release|Any CPU
		{194AB1D3-45A9-4B60-B9A0-03CAA749331C}.Staging|Any CPU.ActiveCfg = Release|Any CPU
		{194AB1D3-45A9-4B60-B9A0-03CAA749331C}.Staging|Any CPU.Build.0 = Release|Any CPU
		{194AB1D3-45A9-4B60-B9A0-03CAA749331C}.Staging|Mixed Platforms.ActiveCfg = Release|Any CPU
		{194AB1D3-45A9-4B60-B9A0-03CAA749331C}.Staging|Mixed Platforms.Build.0 = Release|Any CPU
		{194AB1D3-45A9-4B60-B9A0-03CAA749331C}.Staging|x86.ActiveCfg = Release|Any CPU
		{E4D89D48-041A-4E7B-90FE-960ECB08210A}.Debug|Any CPU.ActiveCfg = Debug|Any CPU
		{E4D89D48-041A-4E7B-90FE-960ECB08210A}.Debug|Any CPU.Build.0 = Debug|Any CPU
		{E4D89D48-041A-4E7B-90FE-960ECB08210A}.Debug|Mixed Platforms.ActiveCfg = Debug|Any CPU
		{E4D89D48-041A-4E7B-90FE-960ECB08210A}.Debug|Mixed Platforms.Build.0 = Debug|Any CPU
		{E4D89D48-041A-4E7B-90FE-960ECB08210A}.Debug|x86.ActiveCfg = Debug|Any CPU
		{E4D89D48-041A-4E7B-90FE-960ECB08210A}.GGK|Any CPU.ActiveCfg = Release|Any CPU
		{E4D89D48-041A-4E7B-90FE-960ECB08210A}.GGK|Any CPU.Build.0 = Release|Any CPU
		{E4D89D48-041A-4E7B-90FE-960ECB08210A}.GGK|Mixed Platforms.ActiveCfg = Release|Any CPU
		{E4D89D48-041A-4E7B-90FE-960ECB08210A}.GGK|Mixed Platforms.Build.0 = Release|Any CPU
		{E4D89D48-041A-4E7B-90FE-960ECB08210A}.GGK|x86.ActiveCfg = Release|Any CPU
		{E4D89D48-041A-4E7B-90FE-960ECB08210A}.Release|Any CPU.ActiveCfg = Release|Any CPU
		{E4D89D48-041A-4E7B-90FE-960ECB08210A}.Release|Any CPU.Build.0 = Release|Any CPU
		{E4D89D48-041A-4E7B-90FE-960ECB08210A}.Release|Mixed Platforms.ActiveCfg = Release|Any CPU
		{E4D89D48-041A-4E7B-90FE-960ECB08210A}.Release|Mixed Platforms.Build.0 = Release|Any CPU
		{E4D89D48-041A-4E7B-90FE-960ECB08210A}.Release|x86.ActiveCfg = Release|Any CPU
		{E4D89D48-041A-4E7B-90FE-960ECB08210A}.Staging|Any CPU.ActiveCfg = Release|Any CPU
		{E4D89D48-041A-4E7B-90FE-960ECB08210A}.Staging|Any CPU.Build.0 = Release|Any CPU
		{E4D89D48-041A-4E7B-90FE-960ECB08210A}.Staging|Mixed Platforms.ActiveCfg = Release|Any CPU
		{E4D89D48-041A-4E7B-90FE-960ECB08210A}.Staging|Mixed Platforms.Build.0 = Release|Any CPU
		{E4D89D48-041A-4E7B-90FE-960ECB08210A}.Staging|x86.ActiveCfg = Release|Any CPU
	EndGlobalSection
	GlobalSection(SolutionProperties) = preSolution
		HideSolutionNode = FALSE
	EndGlobalSection
EndGlobal

